// !$*UTF8*$!
{
	archiveVersion = 1;
	classes = {
	};
	objectVersion = 50;
	objects = {

/* Begin PBXBuildFile section */
		0269BC692165191300567DAD /* AppDelegate.swift in Sources */ = {isa = PBXBuildFile; fileRef = 0269BC682165191300567DAD /* AppDelegate.swift */; };
		0269BC6B2165191300567DAD /* ViewController.swift in Sources */ = {isa = PBXBuildFile; fileRef = 0269BC6A2165191300567DAD /* ViewController.swift */; };
		0269BC6E2165191300567DAD /* Main.storyboard in Resources */ = {isa = PBXBuildFile; fileRef = 0269BC6C2165191300567DAD /* Main.storyboard */; };
		0269BC702165191500567DAD /* Assets.xcassets in Resources */ = {isa = PBXBuildFile; fileRef = 0269BC6F2165191500567DAD /* Assets.xcassets */; };
		0269BC732165191500567DAD /* LaunchScreen.storyboard in Resources */ = {isa = PBXBuildFile; fileRef = 0269BC712165191500567DAD /* LaunchScreen.storyboard */; };
		0269BC7E216519C500567DAD /* Artist.swift in Sources */ = {isa = PBXBuildFile; fileRef = 0269BC7D216519C500567DAD /* Artist.swift */; };
		0269BC8021651B0700567DAD /* Genre.swift in Sources */ = {isa = PBXBuildFile; fileRef = 0269BC7F21651B0700567DAD /* Genre.swift */; };
		0269BC8221651BC100567DAD /* Album.swift in Sources */ = {isa = PBXBuildFile; fileRef = 0269BC8121651BC100567DAD /* Album.swift */; };
		0269BC8421651F3B00567DAD /* Song.swift in Sources */ = {isa = PBXBuildFile; fileRef = 0269BC8321651F3B00567DAD /* Song.swift */; };
		0269BC86216521B000567DAD /* Stub.swift in Sources */ = {isa = PBXBuildFile; fileRef = 0269BC85216521B000567DAD /* Stub.swift */; };
		0269BC88216524D000567DAD /* SearchResultsController.swift in Sources */ = {isa = PBXBuildFile; fileRef = 0269BC87216524D000567DAD /* SearchResultsController.swift */; };
		0269BC8C21652A4900567DAD /* SearchResultsDataSource.swift in Sources */ = {isa = PBXBuildFile; fileRef = 0269BC8B21652A4900567DAD /* SearchResultsDataSource.swift */; };
		0269BC8E2165450B00567DAD /* AlbumListController.swift in Sources */ = {isa = PBXBuildFile; fileRef = 0269BC8D2165450B00567DAD /* AlbumListController.swift */; };
		0269BC902165462A00567DAD /* AlbumCell.swift in Sources */ = {isa = PBXBuildFile; fileRef = 0269BC8F2165462A00567DAD /* AlbumCell.swift */; };
		0269BC922165478F00567DAD /* AlbumListDataSource.swift in Sources */ = {isa = PBXBuildFile; fileRef = 0269BC912165478F00567DAD /* AlbumListDataSource.swift */; };
		0269BC95216548C400567DAD /* AlbumCellViewModel.swift in Sources */ = {isa = PBXBuildFile; fileRef = 0269BC94216548C400567DAD /* AlbumCellViewModel.swift */; };
		0269BC97216551E000567DAD /* AlbumDetailController.swift in Sources */ = {isa = PBXBuildFile; fileRef = 0269BC96216551E000567DAD /* AlbumDetailController.swift */; };
		0269BC992165535100567DAD /* AlbumDetailViewModel.swift in Sources */ = {isa = PBXBuildFile; fileRef = 0269BC982165535100567DAD /* AlbumDetailViewModel.swift */; };
		0269BC9B216555E900567DAD /* AlbumDetailDataSource.swift in Sources */ = {isa = PBXBuildFile; fileRef = 0269BC9A216555E900567DAD /* AlbumDetailDataSource.swift */; };
		0269BC9D2165569100567DAD /* SongCell.swift in Sources */ = {isa = PBXBuildFile; fileRef = 0269BC9C2165569100567DAD /* SongCell.swift */; };
		0269BC9F2165579700567DAD /* SongViewModel.swift in Sources */ = {isa = PBXBuildFile; fileRef = 0269BC9E2165579700567DAD /* SongViewModel.swift */; };
		0269BCA221656F9E00567DAD /* ItunesMedia.swift in Sources */ = {isa = PBXBuildFile; fileRef = 0269BCA121656F9E00567DAD /* ItunesMedia.swift */; };
		0269BCA42165702500567DAD /* Endpoint.swift in Sources */ = {isa = PBXBuildFile; fileRef = 0269BCA32165702500567DAD /* Endpoint.swift */; };
		0269BCA62166693B00567DAD /* ItunesEntity.swift in Sources */ = {isa = PBXBuildFile; fileRef = 0269BCA52166693B00567DAD /* ItunesEntity.swift */; };
		0269BCA821666D1F00567DAD /* QueryItemProvider.swift in Sources */ = {isa = PBXBuildFile; fileRef = 0269BCA721666D1F00567DAD /* QueryItemProvider.swift */; };
		0269BCAA21666F4200567DAD /* ItunesAttributes.swift in Sources */ = {isa = PBXBuildFile; fileRef = 0269BCA921666F4200567DAD /* ItunesAttributes.swift */; };
/* End PBXBuildFile section */

/* Begin PBXFileReference section */
		0269BC652165191300567DAD /* SearchSongs.app */ = {isa = PBXFileReference; explicitFileType = wrapper.application; includeInIndex = 0; path = SearchSongs.app; sourceTree = BUILT_PRODUCTS_DIR; };
		0269BC682165191300567DAD /* AppDelegate.swift */ = {isa = PBXFileReference; lastKnownFileType = sourcecode.swift; path = AppDelegate.swift; sourceTree = "<group>"; };
		0269BC6A2165191300567DAD /* ViewController.swift */ = {isa = PBXFileReference; lastKnownFileType = sourcecode.swift; path = ViewController.swift; sourceTree = "<group>"; };
		0269BC6D2165191300567DAD /* Base */ = {isa = PBXFileReference; lastKnownFileType = file.storyboard; name = Base; path = Base.lproj/Main.storyboard; sourceTree = "<group>"; };
		0269BC6F2165191500567DAD /* Assets.xcassets */ = {isa = PBXFileReference; lastKnownFileType = folder.assetcatalog; path = Assets.xcassets; sourceTree = "<group>"; };
		0269BC722165191500567DAD /* Base */ = {isa = PBXFileReference; lastKnownFileType = file.storyboard; name = Base; path = Base.lproj/LaunchScreen.storyboard; sourceTree = "<group>"; };
		0269BC742165191500567DAD /* Info.plist */ = {isa = PBXFileReference; lastKnownFileType = text.plist.xml; path = Info.plist; sourceTree = "<group>"; };
		0269BC7D216519C500567DAD /* Artist.swift */ = {isa = PBXFileReference; lastKnownFileType = sourcecode.swift; path = Artist.swift; sourceTree = "<group>"; };
		0269BC7F21651B0700567DAD /* Genre.swift */ = {isa = PBXFileReference; lastKnownFileType = sourcecode.swift; path = Genre.swift; sourceTree = "<group>"; };
		0269BC8121651BC100567DAD /* Album.swift */ = {isa = PBXFileReference; lastKnownFileType = sourcecode.swift; path = Album.swift; sourceTree = "<group>"; };
		0269BC8321651F3B00567DAD /* Song.swift */ = {isa = PBXFileReference; lastKnownFileType = sourcecode.swift; path = Song.swift; sourceTree = "<group>"; };
		0269BC85216521B000567DAD /* Stub.swift */ = {isa = PBXFileReference; lastKnownFileType = sourcecode.swift; path = Stub.swift; sourceTree = "<group>"; };
		0269BC87216524D000567DAD /* SearchResultsController.swift */ = {isa = PBXFileReference; lastKnownFileType = sourcecode.swift; path = SearchResultsController.swift; sourceTree = "<group>"; };
		0269BC8B21652A4900567DAD /* SearchResultsDataSource.swift */ = {isa = PBXFileReference; lastKnownFileType = sourcecode.swift; path = SearchResultsDataSource.swift; sourceTree = "<group>"; };
		0269BC8D2165450B00567DAD /* AlbumListController.swift */ = {isa = PBXFileReference; lastKnownFileType = sourcecode.swift; path = AlbumListController.swift; sourceTree = "<group>"; };
		0269BC8F2165462A00567DAD /* AlbumCell.swift */ = {isa = PBXFileReference; lastKnownFileType = sourcecode.swift; path = AlbumCell.swift; sourceTree = "<group>"; };
		0269BC912165478F00567DAD /* AlbumListDataSource.swift */ = {isa = PBXFileReference; lastKnownFileType = sourcecode.swift; path = AlbumListDataSource.swift; sourceTree = "<group>"; };
		0269BC94216548C400567DAD /* AlbumCellViewModel.swift */ = {isa = PBXFileReference; lastKnownFileType = sourcecode.swift; path = AlbumCellViewModel.swift; sourceTree = "<group>"; };
		0269BC96216551E000567DAD /* AlbumDetailController.swift */ = {isa = PBXFileReference; lastKnownFileType = sourcecode.swift; path = AlbumDetailController.swift; sourceTree = "<group>"; };
		0269BC982165535100567DAD /* AlbumDetailViewModel.swift */ = {isa = PBXFileReference; lastKnownFileType = sourcecode.swift; path = AlbumDetailViewModel.swift; sourceTree = "<group>"; };
		0269BC9A216555E900567DAD /* AlbumDetailDataSource.swift */ = {isa = PBXFileReference; lastKnownFileType = sourcecode.swift; path = AlbumDetailDataSource.swift; sourceTree = "<group>"; };
		0269BC9C2165569100567DAD /* SongCell.swift */ = {isa = PBXFileReference; lastKnownFileType = sourcecode.swift; path = SongCell.swift; sourceTree = "<group>"; };
		0269BC9E2165579700567DAD /* SongViewModel.swift */ = {isa = PBXFileReference; lastKnownFileType = sourcecode.swift; path = SongViewModel.swift; sourceTree = "<group>"; };
		0269BCA121656F9E00567DAD /* ItunesMedia.swift */ = {isa = PBXFileReference; lastKnownFileType = sourcecode.swift; path = ItunesMedia.swift; sourceTree = "<group>"; };
		0269BCA32165702500567DAD /* Endpoint.swift */ = {isa = PBXFileReference; lastKnownFileType = sourcecode.swift; path = Endpoint.swift; sourceTree = "<group>"; };
		0269BCA52166693B00567DAD /* ItunesEntity.swift */ = {isa = PBXFileReference; lastKnownFileType = sourcecode.swift; path = ItunesEntity.swift; sourceTree = "<group>"; };
		0269BCA721666D1F00567DAD /* QueryItemProvider.swift */ = {isa = PBXFileReference; lastKnownFileType = sourcecode.swift; path = QueryItemProvider.swift; sourceTree = "<group>"; };
		0269BCA921666F4200567DAD /* ItunesAttributes.swift */ = {isa = PBXFileReference; lastKnownFileType = sourcecode.swift; path = ItunesAttributes.swift; sourceTree = "<group>"; };
/* End PBXFileReference section */

/* Begin PBXFrameworksBuildPhase section */
		0269BC622165191300567DAD /* Frameworks */ = {
			isa = PBXFrameworksBuildPhase;
			buildActionMask = 2147483647;
			files = (
			);
			runOnlyForDeploymentPostprocessing = 0;
		};
/* End PBXFrameworksBuildPhase section */

/* Begin PBXGroup section */
		0269BC5C2165191300567DAD = {
			isa = PBXGroup;
			children = (
				0269BC672165191300567DAD /* SearchSongs */,
				0269BC662165191300567DAD /* Products */,
			);
			sourceTree = "<group>";
		};
		0269BC662165191300567DAD /* Products */ = {
			isa = PBXGroup;
			children = (
				0269BC652165191300567DAD /* SearchSongs.app */,
			);
			name = Products;
			sourceTree = "<group>";
		};
		0269BC672165191300567DAD /* SearchSongs */ = {
			isa = PBXGroup;
			children = (
				0269BC682165191300567DAD /* AppDelegate.swift */,
				0269BC7C216519B200567DAD /* Controllers */,
				0269BC8A21652A2100567DAD /* Data Sources */,
				0269BC7B216519A700567DAD /* Views */,
				0269BC93216548AA00567DAD /* View Models */,
				0269BC7A216519A000567DAD /* Models */,
				0269BC712165191500567DAD /* LaunchScreen.storyboard */,
				0269BC6C2165191300567DAD /* Main.storyboard */,
				0269BC6F2165191500567DAD /* Assets.xcassets */,
				0269BC742165191500567DAD /* Info.plist */,
			);
			path = SearchSongs;
			sourceTree = "<group>";
		};
		0269BC7A216519A000567DAD /* Models */ = {
			isa = PBXGroup;
			children = (
				0269BCA021656F7300567DAD /* Endpoint */,
				0269BC7D216519C500567DAD /* Artist.swift */,
				0269BC8121651BC100567DAD /* Album.swift */,
				0269BC7F21651B0700567DAD /* Genre.swift */,
				0269BC8321651F3B00567DAD /* Song.swift */,
				0269BC85216521B000567DAD /* Stub.swift */,
			);
			path = Models;
			sourceTree = "<group>";
		};
		0269BC7B216519A700567DAD /* Views */ = {
			isa = PBXGroup;
			children = (
				0269BC8F2165462A00567DAD /* AlbumCell.swift */,
				0269BC9C2165569100567DAD /* SongCell.swift */,
			);
			path = Views;
			sourceTree = "<group>";
		};
		0269BC7C216519B200567DAD /* Controllers */ = {
			isa = PBXGroup;
			children = (
				0269BC96216551E000567DAD /* AlbumDetailController.swift */,
				0269BC8D2165450B00567DAD /* AlbumListController.swift */,
				0269BC87216524D000567DAD /* SearchResultsController.swift */,
				0269BC6A2165191300567DAD /* ViewController.swift */,
			);
			path = Controllers;
			sourceTree = "<group>";
		};
		0269BC8A21652A2100567DAD /* Data Sources */ = {
			isa = PBXGroup;
			children = (
				0269BC9A216555E900567DAD /* AlbumDetailDataSource.swift */,
				0269BC912165478F00567DAD /* AlbumListDataSource.swift */,
				0269BC8B21652A4900567DAD /* SearchResultsDataSource.swift */,
			);
			path = "Data Sources";
			sourceTree = "<group>";
		};
		0269BC93216548AA00567DAD /* View Models */ = {
			isa = PBXGroup;
			children = (
				0269BC94216548C400567DAD /* AlbumCellViewModel.swift */,
				0269BC982165535100567DAD /* AlbumDetailViewModel.swift */,
				0269BC9E2165579700567DAD /* SongViewModel.swift */,
			);
			path = "View Models";
			sourceTree = "<group>";
		};
		0269BCA021656F7300567DAD /* Endpoint */ = {
			isa = PBXGroup;
			children = (
				0269BCA32165702500567DAD /* Endpoint.swift */,
				0269BCA921666F4200567DAD /* ItunesAttributes.swift */,
				0269BCA52166693B00567DAD /* ItunesEntity.swift */,
				0269BCA121656F9E00567DAD /* ItunesMedia.swift */,
				0269BCA721666D1F00567DAD /* QueryItemProvider.swift */,
			);
			path = Endpoint;
			sourceTree = "<group>";
		};
/* End PBXGroup section */

/* Begin PBXNativeTarget section */
		0269BC642165191300567DAD /* SearchSongs */ = {
			isa = PBXNativeTarget;
			buildConfigurationList = 0269BC772165191500567DAD /* Build configuration list for PBXNativeTarget "SearchSongs" */;
			buildPhases = (
				0269BC612165191300567DAD /* Sources */,
				0269BC622165191300567DAD /* Frameworks */,
				0269BC632165191300567DAD /* Resources */,
			);
			buildRules = (
			);
			dependencies = (
			);
			name = SearchSongs;
			productName = SearchSongs;
			productReference = 0269BC652165191300567DAD /* SearchSongs.app */;
			productType = "com.apple.product-type.application";
		};
/* End PBXNativeTarget section */

/* Begin PBXProject section */
		0269BC5D2165191300567DAD /* Project object */ = {
			isa = PBXProject;
			attributes = {
				LastSwiftUpdateCheck = 0940;
				LastUpgradeCheck = 0940;
				ORGANIZATIONNAME = "Maxence Roy";
				TargetAttributes = {
					0269BC642165191300567DAD = {
						CreatedOnToolsVersion = 9.4.1;
					};
				};
			};
			buildConfigurationList = 0269BC602165191300567DAD /* Build configuration list for PBXProject "SearchSongs" */;
			compatibilityVersion = "Xcode 9.3";
			developmentRegion = en;
			hasScannedForEncodings = 0;
			knownRegions = (
				en,
				Base,
			);
			mainGroup = 0269BC5C2165191300567DAD;
			productRefGroup = 0269BC662165191300567DAD /* Products */;
			projectDirPath = "";
			projectRoot = "";
			targets = (
				0269BC642165191300567DAD /* SearchSongs */,
			);
		};
/* End PBXProject section */

/* Begin PBXResourcesBuildPhase section */
		0269BC632165191300567DAD /* Resources */ = {
			isa = PBXResourcesBuildPhase;
			buildActionMask = 2147483647;
			files = (
				0269BC732165191500567DAD /* LaunchScreen.storyboard in Resources */,
				0269BC702165191500567DAD /* Assets.xcassets in Resources */,
				0269BC6E2165191300567DAD /* Main.storyboard in Resources */,
			);
			runOnlyForDeploymentPostprocessing = 0;
		};
/* End PBXResourcesBuildPhase section */

/* Begin PBXSourcesBuildPhase section */
		0269BC612165191300567DAD /* Sources */ = {
			isa = PBXSourcesBuildPhase;
			buildActionMask = 2147483647;
			files = (
				0269BC8421651F3B00567DAD /* Song.swift in Sources */,
				0269BC7E216519C500567DAD /* Artist.swift in Sources */,
				0269BC6B2165191300567DAD /* ViewController.swift in Sources */,
				0269BCA62166693B00567DAD /* ItunesEntity.swift in Sources */,
				0269BC95216548C400567DAD /* AlbumCellViewModel.swift in Sources */,
				0269BC692165191300567DAD /* AppDelegate.swift in Sources */,
				0269BC9B216555E900567DAD /* AlbumDetailDataSource.swift in Sources */,
				0269BCAA21666F4200567DAD /* ItunesAttributes.swift in Sources */,
				0269BC922165478F00567DAD /* AlbumListDataSource.swift in Sources */,
				0269BCA821666D1F00567DAD /* QueryItemProvider.swift in Sources */,
				0269BC9F2165579700567DAD /* SongViewModel.swift in Sources */,
				0269BC97216551E000567DAD /* AlbumDetailController.swift in Sources */,
				0269BC88216524D000567DAD /* SearchResultsController.swift in Sources */,
				0269BC8E2165450B00567DAD /* AlbumListController.swift in Sources */,
				0269BC9D2165569100567DAD /* SongCell.swift in Sources */,
				0269BC8021651B0700567DAD /* Genre.swift in Sources */,
				0269BC8221651BC100567DAD /* Album.swift in Sources */,
				0269BCA42165702500567DAD /* Endpoint.swift in Sources */,
				0269BC8C21652A4900567DAD /* SearchResultsDataSource.swift in Sources */,
				0269BC902165462A00567DAD /* AlbumCell.swift in Sources */,
				0269BCA221656F9E00567DAD /* ItunesMedia.swift in Sources */,
				0269BC86216521B000567DAD /* Stub.swift in Sources */,
				0269BC992165535100567DAD /* AlbumDetailViewModel.swift in Sources */,
			);
			runOnlyForDeploymentPostprocessing = 0;
		};
/* End PBXSourcesBuildPhase section */

/* Begin PBXVariantGroup section */
		0269BC6C2165191300567DAD /* Main.storyboard */ = {
			isa = PBXVariantGroup;
			children = (
				0269BC6D2165191300567DAD /* Base */,
			);
			name = Main.storyboard;
			sourceTree = "<group>";
		};
		0269BC712165191500567DAD /* LaunchScreen.storyboard */ = {
			isa = PBXVariantGroup;
			children = (
				0269BC722165191500567DAD /* Base */,
			);
			name = LaunchScreen.storyboard;
			sourceTree = "<group>";
		};
/* End PBXVariantGroup section */

/* Begin XCBuildConfiguration section */
		0269BC752165191500567DAD /* Debug */ = {
			isa = XCBuildConfiguration;
			buildSettings = {
				ALWAYS_SEARCH_USER_PATHS = NO;
				CLANG_ANALYZER_NONNULL = YES;
				CLANG_ANALYZER_NUMBER_OBJECT_CONVERSION = YES_AGGRESSIVE;
				CLANG_CXX_LANGUAGE_STANDARD = "gnu++14";
				CLANG_CXX_LIBRARY = "libc++";
				CLANG_ENABLE_MODULES = YES;
				CLANG_ENABLE_OBJC_ARC = YES;
				CLANG_ENABLE_OBJC_WEAK = YES;
				CLANG_WARN_BLOCK_CAPTURE_AUTORELEASING = YES;
				CLANG_WARN_BOOL_CONVERSION = YES;
				CLANG_WARN_COMMA = YES;
				CLANG_WARN_CONSTANT_CONVERSION = YES;
				CLANG_WARN_DEPRECATED_OBJC_IMPLEMENTATIONS = YES;
				CLANG_WARN_DIRECT_OBJC_ISA_USAGE = YES_ERROR;
				CLANG_WARN_DOCUMENTATION_COMMENTS = YES;
				CLANG_WARN_EMPTY_BODY = YES;
				CLANG_WARN_ENUM_CONVERSION = YES;
				CLANG_WARN_INFINITE_RECURSION = YES;
				CLANG_WARN_INT_CONVERSION = YES;
				CLANG_WARN_NON_LITERAL_NULL_CONVERSION = YES;
				CLANG_WARN_OBJC_IMPLICIT_RETAIN_SELF = YES;
				CLANG_WARN_OBJC_LITERAL_CONVERSION = YES;
				CLANG_WARN_OBJC_ROOT_CLASS = YES_ERROR;
				CLANG_WARN_RANGE_LOOP_ANALYSIS = YES;
				CLANG_WARN_STRICT_PROTOTYPES = YES;
				CLANG_WARN_SUSPICIOUS_MOVE = YES;
				CLANG_WARN_UNGUARDED_AVAILABILITY = YES_AGGRESSIVE;
				CLANG_WARN_UNREACHABLE_CODE = YES;
				CLANG_WARN__DUPLICATE_METHOD_MATCH = YES;
				CODE_SIGN_IDENTITY = "iPhone Developer";
				COPY_PHASE_STRIP = NO;
				DEBUG_INFORMATION_FORMAT = dwarf;
				ENABLE_STRICT_OBJC_MSGSEND = YES;
				ENABLE_TESTABILITY = YES;
				GCC_C_LANGUAGE_STANDARD = gnu11;
				GCC_DYNAMIC_NO_PIC = NO;
				GCC_NO_COMMON_BLOCKS = YES;
				GCC_OPTIMIZATION_LEVEL = 0;
				GCC_PREPROCESSOR_DEFINITIONS = (
					"DEBUG=1",
					"$(inherited)",
				);
				GCC_WARN_64_TO_32_BIT_CONVERSION = YES;
				GCC_WARN_ABOUT_RETURN_TYPE = YES_ERROR;
				GCC_WARN_UNDECLARED_SELECTOR = YES;
				GCC_WARN_UNINITIALIZED_AUTOS = YES_AGGRESSIVE;
				GCC_WARN_UNUSED_FUNCTION = YES;
				GCC_WARN_UNUSED_VARIABLE = YES;
				IPHONEOS_DEPLOYMENT_TARGET = 11.4;
				MTL_ENABLE_DEBUG_INFO = YES;
				ONLY_ACTIVE_ARCH = YES;
				SDKROOT = iphoneos;
				SWIFT_ACTIVE_COMPILATION_CONDITIONS = DEBUG;
				SWIFT_OPTIMIZATION_LEVEL = "-Onone";
			};
			name = Debug;
		};
		0269BC762165191500567DAD /* Release */ = {
			isa = XCBuildConfiguration;
			buildSettings = {
				ALWAYS_SEARCH_USER_PATHS = NO;
				CLANG_ANALYZER_NONNULL = YES;
				CLANG_ANALYZER_NUMBER_OBJECT_CONVERSION = YES_AGGRESSIVE;
				CLANG_CXX_LANGUAGE_STANDARD = "gnu++14";
				CLANG_CXX_LIBRARY = "libc++";
				CLANG_ENABLE_MODULES = YES;
				CLANG_ENABLE_OBJC_ARC = YES;
				CLANG_ENABLE_OBJC_WEAK = YES;
				CLANG_WARN_BLOCK_CAPTURE_AUTORELEASING = YES;
				CLANG_WARN_BOOL_CONVERSION = YES;
				CLANG_WARN_COMMA = YES;
				CLANG_WARN_CONSTANT_CONVERSION = YES;
				CLANG_WARN_DEPRECATED_OBJC_IMPLEMENTATIONS = YES;
				CLANG_WARN_DIRECT_OBJC_ISA_USAGE = YES_ERROR;
				CLANG_WARN_DOCUMENTATION_COMMENTS = YES;
				CLANG_WARN_EMPTY_BODY = YES;
				CLANG_WARN_ENUM_CONVERSION = YES;
				CLANG_WARN_INFINITE_RECURSION = YES;
				CLANG_WARN_INT_CONVERSION = YES;
				CLANG_WARN_NON_LITERAL_NULL_CONVERSION = YES;
				CLANG_WARN_OBJC_IMPLICIT_RETAIN_SELF = YES;
				CLANG_WARN_OBJC_LITERAL_CONVERSION = YES;
				CLANG_WARN_OBJC_ROOT_CLASS = YES_ERROR;
				CLANG_WARN_RANGE_LOOP_ANALYSIS = YES;
				CLANG_WARN_STRICT_PROTOTYPES = YES;
				CLANG_WARN_SUSPICIOUS_MOVE = YES;
				CLANG_WARN_UNGUARDED_AVAILABILITY = YES_AGGRESSIVE;
				CLANG_WARN_UNREACHABLE_CODE = YES;
				CLANG_WARN__DUPLICATE_METHOD_MATCH = YES;
				CODE_SIGN_IDENTITY = "iPhone Developer";
				COPY_PHASE_STRIP = NO;
				DEBUG_INFORMATION_FORMAT = "dwarf-with-dsym";
				ENABLE_NS_ASSERTIONS = NO;
				ENABLE_STRICT_OBJC_MSGSEND = YES;
				GCC_C_LANGUAGE_STANDARD = gnu11;
				GCC_NO_COMMON_BLOCKS = YES;
				GCC_WARN_64_TO_32_BIT_CONVERSION = YES;
				GCC_WARN_ABOUT_RETURN_TYPE = YES_ERROR;
				GCC_WARN_UNDECLARED_SELECTOR = YES;
				GCC_WARN_UNINITIALIZED_AUTOS = YES_AGGRESSIVE;
				GCC_WARN_UNUSED_FUNCTION = YES;
				GCC_WARN_UNUSED_VARIABLE = YES;
				IPHONEOS_DEPLOYMENT_TARGET = 11.4;
				MTL_ENABLE_DEBUG_INFO = NO;
				SDKROOT = iphoneos;
				SWIFT_COMPILATION_MODE = wholemodule;
				SWIFT_OPTIMIZATION_LEVEL = "-O";
				VALIDATE_PRODUCT = YES;
			};
			name = Release;
		};
		0269BC782165191500567DAD /* Debug */ = {
			isa = XCBuildConfiguration;
			buildSettings = {
				ASSETCATALOG_COMPILER_APPICON_NAME = AppIcon;
				CODE_SIGN_STYLE = Automatic;
				DEVELOPMENT_TEAM = 6YV279525U;
				INFOPLIST_FILE = SearchSongs/Info.plist;
				LD_RUNPATH_SEARCH_PATHS = (
					"$(inherited)",
					"@executable_path/Frameworks",
				);
				PRODUCT_BUNDLE_IDENTIFIER = hk.maxenceroy.SearchSongs;
				PRODUCT_NAME = "$(TARGET_NAME)";
				SWIFT_VERSION = 4.0;
				TARGETED_DEVICE_FAMILY = "1,2";
			};
			name = Debug;
		};
		0269BC792165191500567DAD /* Release */ = {
			isa = XCBuildConfiguration;
			buildSettings = {
				ASSETCATALOG_COMPILER_APPICON_NAME = AppIcon;
				CODE_SIGN_STYLE = Automatic;
				DEVELOPMENT_TEAM = 6YV279525U;
				INFOPLIST_FILE = SearchSongs/Info.plist;
				LD_RUNPATH_SEARCH_PATHS = (
					"$(inherited)",
					"@executable_path/Frameworks",
				);
				PRODUCT_BUNDLE_IDENTIFIER = hk.maxenceroy.SearchSongs;
				PRODUCT_NAME = "$(TARGET_NAME)";
				SWIFT_VERSION = 4.0;
				TARGETED_DEVICE_FAMILY = "1,2";
			};
			name = Release;
		};
/* End XCBuildConfiguration section */

/* Begin XCConfigurationList section */
		0269BC602165191300567DAD /* Build configuration list for PBXProject "SearchSongs" */ = {
			isa = XCConfigurationList;
			buildConfigurations = (
				0269BC752165191500567DAD /* Debug */,
				0269BC762165191500567DAD /* Release */,
			);
			defaultConfigurationIsVisible = 0;
			defaultConfigurationName = Release;
		};
		0269BC772165191500567DAD /* Build configuration list for PBXNativeTarget "SearchSongs" */ = {
			isa = XCConfigurationList;
			buildConfigurations = (
				0269BC782165191500567DAD /* Debug */,
				0269BC792165191500567DAD /* Release */,
			);
			defaultConfigurationIsVisible = 0;
			defaultConfigurationName = Release;
		};
/* End XCConfigurationList section */
	};
	rootObject = 0269BC5D2165191300567DAD /* Project object */;
}
